
Microsoft Visual Studio Solution File, Format Version 12.00
# Visual Studio 14
VisualStudioVersion = 14.0.25123.0
MinimumVisualStudioVersion = 10.0.40219.1
Project("{FAE04EC0-301F-11D3-BF4B-00C04F79EFBC}") = "GlobalRelay.Assignment", "GlobalRelay.Assignment\GlobalRelay.Assignment.csproj", "{AD1E8879-0B04-4EAC-8487-2D0CD5CACA49}"
EndProject
Project("{FAE04EC0-301F-11D3-BF4B-00C04F79EFBC}") = "GlobalRelay.Assignment.Tests", "GlobalRelay.Assignment.Tests\GlobalRelay.Assignment.Tests.csproj", "{FB0E8F52-F99C-4E44-850D-E7071A8798B5}"
EndProject
Global
	GlobalSection(SolutionConfigurationPlatforms) = preSolution
		Debug|Any CPU = Debug|Any CPU
		Release|Any CPU = Release|Any CPU
	EndGlobalSection
	GlobalSection(ProjectConfigurationPlatforms) = postSolution
		{AD1E8879-0B04-4EAC-8487-2D0CD5CACA49}.Debug|Any CPU.ActiveCfg = Debug|Any CPU
		{AD1E8879-0B04-4EAC-8487-2D0CD5CACA49}.Debug|Any CPU.Build.0 = Debug|Any CPU
		{AD1E8879-0B04-4EAC-8487-2D0CD5CACA49}.Release|Any CPU.ActiveCfg = Release|Any CPU
		{AD1E8879-0B04-4EAC-8487-2D0CD5CACA49}.Release|Any CPU.Build.0 = Release|Any CPU
		{FB0E8F52-F99C-4E44-850D-E7071A8798B5}.Debug|Any CPU.ActiveCfg = Debug|Any CPU
		{FB0E8F52-F99C-4E44-850D-E7071A8798B5}.Debug|Any CPU.Build.0 = Debug|Any CPU
		{FB0E8F52-F99C-4E44-850D-E7071A8798B5}.Release|Any CPU.ActiveCfg = Release|Any CPU
		{FB0E8F52-F99C-4E44-850D-E7071A8798B5}.Release|Any CPU.Build.0 = Release|Any CPU
	EndGlobalSection
	GlobalSection(SolutionProperties) = preSolution
		HideSolutionNode = FALSE
	EndGlobalSection
EndGlobal
